# This file is automatically @generated by Cargo.
# It is not intended for manual editing.
version = 4

[[package]]
name = "reliakit-backoff"
version = "0.1.0"

[[package]]
name = "reliakit-circuit"
version = "0.2.0"
dependencies = [
 "reliakit-backoff",
 "reliakit-ratelimit",
]

[[package]]
name = "reliakit-codec"
version = "0.2.0"
dependencies = [
 "reliakit-primitives",
]

[[package]]
name = "reliakit-collections"
version = "0.3.0"

[[package]]
name = "reliakit-core"
version = "0.1.0"

[[package]]
name = "reliakit-json"
version = "0.2.0"

[[package]]
name = "reliakit-primitives"
version = "0.4.0"
dependencies = [
 "reliakit-secret",
 "reliakit-validate",
]

[[package]]
name = "reliakit-ratelimit"
version = "0.1.0"

[[package]]
name = "reliakit-secret"
version = "0.1.0"

[[package]]
name = "reliakit-timeout"
version = "0.1.0"

[[package]]
name = "reliakit-validate"
version = "0.3.0"
