# This file is automatically @generated by Cargo.
# It is not intended for manual editing.
version = 4

[[package]]
name = "reliakit-backoff"
version = "0.1.1"

[[package]]
name = "reliakit-circuit"
version = "0.2.1"
dependencies = [
 "reliakit-backoff",
 "reliakit-core",
 "reliakit-ratelimit",
]

[[package]]
name = "reliakit-codec"
version = "0.2.1"
dependencies = [
 "reliakit-primitives",
]

[[package]]
name = "reliakit-collections"
version = "0.3.0"

[[package]]
name = "reliakit-core"
version = "0.1.0"

[[package]]
name = "reliakit-derive"
version = "0.1.1"
dependencies = [
 "reliakit-codec",
]

[[package]]
name = "reliakit-json"
version = "0.2.3"
dependencies = [
 "reliakit-primitives",
 "reliakit-validate",
]

[[package]]
name = "reliakit-primitives"
version = "0.4.1"
dependencies = [
 "reliakit-secret",
 "reliakit-validate",
]

[[package]]
name = "reliakit-ratelimit"
version = "0.1.1"
dependencies = [
 "reliakit-core",
]

[[package]]
name = "reliakit-secret"
version = "0.1.1"

[[package]]
name = "reliakit-timeout"
version = "0.1.1"
dependencies = [
 "reliakit-core",
]

[[package]]
name = "reliakit-validate"
version = "0.3.1"
