# This file is automatically @generated by Cargo.
# It is not intended for manual editing.
version = 4

[[package]]
name = "reliakit"
version = "1.0.0"
dependencies = [
 "reliakit-backoff",
 "reliakit-bulkhead",
 "reliakit-circuit",
 "reliakit-codec",
 "reliakit-collections",
 "reliakit-core",
 "reliakit-csv",
 "reliakit-decide",
 "reliakit-derive",
 "reliakit-health",
 "reliakit-json",
 "reliakit-primitives",
 "reliakit-ratelimit",
 "reliakit-retry",
 "reliakit-secret",
 "reliakit-timeout",
 "reliakit-validate",
]

[[package]]
name = "reliakit-backoff"
version = "1.1.0"

[[package]]
name = "reliakit-benches"
version = "0.0.0"
dependencies = [
 "reliakit-codec",
 "reliakit-json",
]

[[package]]
name = "reliakit-bulkhead"
version = "1.1.0"

[[package]]
name = "reliakit-circuit"
version = "1.1.0"
dependencies = [
 "reliakit-backoff",
 "reliakit-core",
 "reliakit-ratelimit",
]

[[package]]
name = "reliakit-codec"
version = "1.0.0"
dependencies = [
 "reliakit-primitives",
]

[[package]]
name = "reliakit-collections"
version = "1.0.0"

[[package]]
name = "reliakit-core"
version = "1.0.0"

[[package]]
name = "reliakit-csv"
version = "1.0.0"

[[package]]
name = "reliakit-decide"
version = "1.0.0"

[[package]]
name = "reliakit-derive"
version = "1.1.0"
dependencies = [
 "reliakit-codec",
 "reliakit-csv",
 "reliakit-json",
]

[[package]]
name = "reliakit-health"
version = "1.0.0"

[[package]]
name = "reliakit-json"
version = "1.0.0"
dependencies = [
 "reliakit-primitives",
 "reliakit-validate",
]

[[package]]
name = "reliakit-primitives"
version = "1.1.0"
dependencies = [
 "reliakit-secret",
 "reliakit-validate",
]

[[package]]
name = "reliakit-ratelimit"
version = "1.0.0"
dependencies = [
 "reliakit-core",
]

[[package]]
name = "reliakit-retry"
version = "1.1.0"
dependencies = [
 "reliakit-backoff",
]

[[package]]
name = "reliakit-secret"
version = "1.0.0"

[[package]]
name = "reliakit-timeout"
version = "1.0.0"
dependencies = [
 "reliakit-core",
]

[[package]]
name = "reliakit-validate"
version = "1.0.0"
